Microsoft Visual Studio Solution File, Format Version 12.00
# Visual Studio 2012
Project("{FAE04EC0-301F-11D3-BF4B-00C04F79EFBC}") = "ShapesAddon", "ShapesAddon.csproj", "{EA5ED80C-0C64-4980-BE09-A7DF5E2B9306}"
EndProject
Global
	GlobalSection(SolutionConfigurationPlatforms) = preSolution
	Debug|Any CPU = Debug|Any CPU
	ExportDebug|Any CPU = ExportDebug|Any CPU
	ExportRelease|Any CPU = ExportRelease|Any CPU
	EndGlobalSection
	GlobalSection(ProjectConfigurationPlatforms) = postSolution
		{EA5ED80C-0C64-4980-BE09-A7DF5E2B9306}.Debug|Any CPU.ActiveCfg = Debug|Any CPU
		{EA5ED80C-0C64-4980-BE09-A7DF5E2B9306}.Debug|Any CPU.Build.0 = Debug|Any CPU
		{EA5ED80C-0C64-4980-BE09-A7DF5E2B9306}.ExportDebug|Any CPU.ActiveCfg = ExportDebug|Any CPU
		{EA5ED80C-0C64-4980-BE09-A7DF5E2B9306}.ExportDebug|Any CPU.Build.0 = ExportDebug|Any CPU
		{EA5ED80C-0C64-4980-BE09-A7DF5E2B9306}.ExportRelease|Any CPU.ActiveCfg = ExportRelease|Any CPU
		{EA5ED80C-0C64-4980-BE09-A7DF5E2B9306}.ExportRelease|Any CPU.Build.0 = ExportRelease|Any CPU
	EndGlobalSection
EndGlobal
